// !$*UTF8*$!
{
	archiveVersion = 1;
	classes = {
	};
	objectVersion = 56;
	objects = {

/* Begin PBXBuildFile section */
		140AF8572994ED9600E0B18D /* AddInfoViewController.swift in Sources */ = {isa = PBXBuildFile; fileRef = 140AF8562994ED9600E0B18D /* AddInfoViewController.swift */; };
		140AF85A2995076000E0B18D /* UserInformation.swift in Sources */ = {isa = PBXBuildFile; fileRef = 140AF8592995076000E0B18D /* UserInformation.swift */; };
		142436E42994A3760086A8EC /* AppDelegate.swift in Sources */ = {isa = PBXBuildFile; fileRef = 142436E32994A3760086A8EC /* AppDelegate.swift */; };
		142436E62994A3760086A8EC /* SceneDelegate.swift in Sources */ = {isa = PBXBuildFile; fileRef = 142436E52994A3760086A8EC /* SceneDelegate.swift */; };
		142436E82994A3760086A8EC /* LoginViewController.swift in Sources */ = {isa = PBXBuildFile; fileRef = 142436E72994A3760086A8EC /* LoginViewController.swift */; };
		142436EB2994A3760086A8EC /* Main.storyboard in Resources */ = {isa = PBXBuildFile; fileRef = 142436E92994A3760086A8EC /* Main.storyboard */; };
		142436ED2994A3770086A8EC /* Assets.xcassets in Resources */ = {isa = PBXBuildFile; fileRef = 142436EC2994A3770086A8EC /* Assets.xcassets */; };
		142436F02994A3770086A8EC /* LaunchScreen.storyboard in Resources */ = {isa = PBXBuildFile; fileRef = 142436EE2994A3770086A8EC /* LaunchScreen.storyboard */; };
		142436F82994AC900086A8EC /* SignUpBasicInfoViewController.swift in Sources */ = {isa = PBXBuildFile; fileRef = 142436F72994AC900086A8EC /* SignUpBasicInfoViewController.swift */; };
/* End PBXBuildFile section */

/* Begin PBXFileReference section */
		140AF8562994ED9600E0B18D /* AddInfoViewController.swift */ = {isa = PBXFileReference; lastKnownFileType = sourcecode.swift; path = AddInfoViewController.swift; sourceTree = "<group>"; };
		140AF8592995076000E0B18D /* UserInformation.swift */ = {isa = PBXFileReference; lastKnownFileType = sourcecode.swift; path = UserInformation.swift; sourceTree = "<group>"; };
		142436E02994A3760086A8EC /* iOS_ProjectB_20230209.app */ = {isa = PBXFileReference; explicitFileType = wrapper.application; includeInIndex = 0; path = iOS_ProjectB_20230209.app; sourceTree = BUILT_PRODUCTS_DIR; };
		142436E32994A3760086A8EC /* AppDelegate.swift */ = {isa = PBXFileReference; lastKnownFileType = sourcecode.swift; path = AppDelegate.swift; sourceTree = "<group>"; };
		142436E52994A3760086A8EC /* SceneDelegate.swift */ = {isa = PBXFileReference; lastKnownFileType = sourcecode.swift; path = SceneDelegate.swift; sourceTree = "<group>"; };
		142436E72994A3760086A8EC /* LoginViewController.swift */ = {isa = PBXFileReference; lastKnownFileType = sourcecode.swift; path = LoginViewController.swift; sourceTree = "<group>"; };
		142436EA2994A3760086A8EC /* Base */ = {isa = PBXFileReference; lastKnownFileType = file.storyboard; name = Base; path = Base.lproj/Main.storyboard; sourceTree = "<group>"; };
		142436EC2994A3770086A8EC /* Assets.xcassets */ = {isa = PBXFileReference; lastKnownFileType = folder.assetcatalog; path = Assets.xcassets; sourceTree = "<group>"; };
		142436EF2994A3770086A8EC /* Base */ = {isa = PBXFileReference; lastKnownFileType = file.storyboard; name = Base; path = Base.lproj/LaunchScreen.storyboard; sourceTree = "<group>"; };
		142436F12994A3770086A8EC /* Info.plist */ = {isa = PBXFileReference; lastKnownFileType = text.plist.xml; path = Info.plist; sourceTree = "<group>"; };
		142436F72994AC900086A8EC /* SignUpBasicInfoViewController.swift */ = {isa = PBXFileReference; lastKnownFileType = sourcecode.swift; path = SignUpBasicInfoViewController.swift; sourceTree = "<group>"; };
/* End PBXFileReference section */

/* Begin PBXFrameworksBuildPhase section */
		142436DD2994A3760086A8EC /* Frameworks */ = {
			isa = PBXFrameworksBuildPhase;
			buildActionMask = 2147483647;
			files = (
			);
			runOnlyForDeploymentPostprocessing = 0;
		};
/* End PBXFrameworksBuildPhase section */

/* Begin PBXGroup section */
		140AF8582994ED9E00E0B18D /* Controllers */ = {
			isa = PBXGroup;
			children = (
				142436E72994A3760086A8EC /* LoginViewController.swift */,
				142436F72994AC900086A8EC /* SignUpBasicInfoViewController.swift */,
				140AF8562994ED9600E0B18D /* AddInfoViewController.swift */,
			);
			path = Controllers;
			sourceTree = "<group>";
		};
		140AF85B2995076300E0B18D /* Model */ = {
			isa = PBXGroup;
			children = (
				140AF8592995076000E0B18D /* UserInformation.swift */,
			);
			path = Model;
			sourceTree = "<group>";
		};
		142436D72994A3760086A8EC = {
			isa = PBXGroup;
			children = (
				142436E22994A3760086A8EC /* iOS_ProjectB_20230209 */,
				142436E12994A3760086A8EC /* Products */,
			);
			sourceTree = "<group>";
		};
		142436E12994A3760086A8EC /* Products */ = {
			isa = PBXGroup;
			children = (
				142436E02994A3760086A8EC /* iOS_ProjectB_20230209.app */,
			);
			name = Products;
			sourceTree = "<group>";
		};
		142436E22994A3760086A8EC /* iOS_ProjectB_20230209 */ = {
			isa = PBXGroup;
			children = (
				142436E32994A3760086A8EC /* AppDelegate.swift */,
				142436E52994A3760086A8EC /* SceneDelegate.swift */,
				140AF85B2995076300E0B18D /* Model */,
				140AF8582994ED9E00E0B18D /* Controllers */,
				142436E92994A3760086A8EC /* Main.storyboard */,
				142436EC2994A3770086A8EC /* Assets.xcassets */,
				142436EE2994A3770086A8EC /* LaunchScreen.storyboard */,
				142436F12994A3770086A8EC /* Info.plist */,
			);
			path = iOS_ProjectB_20230209;
			sourceTree = "<group>";
		};
/* End PBXGroup section */

/* Begin PBXNativeTarget section */
		142436DF2994A3760086A8EC /* iOS_ProjectB_20230209 */ = {
			isa = PBXNativeTarget;
			buildConfigurationList = 142436F42994A3770086A8EC /* Build configuration list for PBXNativeTarget "iOS_ProjectB_20230209" */;
			buildPhases = (
				142436DC2994A3760086A8EC /* Sources */,
				142436DD2994A3760086A8EC /* Frameworks */,
				142436DE2994A3760086A8EC /* Resources */,
			);
			buildRules = (
			);
			dependencies = (
			);
			name = iOS_ProjectB_20230209;
			productName = iOS_ProjectB_20230209;
			productReference = 142436E02994A3760086A8EC /* iOS_ProjectB_20230209.app */;
			productType = "com.apple.product-type.application";
		};
/* End PBXNativeTarget section */

/* Begin PBXProject section */
		142436D82994A3760086A8EC /* Project object */ = {
			isa = PBXProject;
			attributes = {
				BuildIndependentTargetsInParallel = 1;
				LastSwiftUpdateCheck = 1410;
				LastUpgradeCheck = 1410;
				TargetAttributes = {
					142436DF2994A3760086A8EC = {
						CreatedOnToolsVersion = 14.1;
					};
				};
			};
			buildConfigurationList = 142436DB2994A3760086A8EC /* Build configuration list for PBXProject "iOS_ProjectB_20230209" */;
			compatibilityVersion = "Xcode 14.0";
			developmentRegion = en;
			hasScannedForEncodings = 0;
			knownRegions = (
				en,
				Base,
			);
			mainGroup = 142436D72994A3760086A8EC;
			productRefGroup = 142436E12994A3760086A8EC /* Products */;
			projectDirPath = "";
			projectRoot = "";
			targets = (
				142436DF2994A3760086A8EC /* iOS_ProjectB_20230209 */,
			);
		};
/* End PBXProject section */

/* Begin PBXResourcesBuildPhase section */
		142436DE2994A3760086A8EC /* Resources */ = {
			isa = PBXResourcesBuildPhase;
			buildActionMask = 2147483647;
			files = (
				142436F02994A3770086A8EC /* LaunchScreen.storyboard in Resources */,
				142436ED2994A3770086A8EC /* Assets.xcassets in Resources */,
				142436EB2994A3760086A8EC /* Main.storyboard in Resources */,
			);
			runOnlyForDeploymentPostprocessing = 0;
		};
/* End PBXResourcesBuildPhase section */

/* Begin PBXSourcesBuildPhase section */
		142436DC2994A3760086A8EC /* Sources */ = {
			isa = PBXSourcesBuildPhase;
			buildActionMask = 2147483647;
			files = (
				142436E82994A3760086A8EC /* LoginViewController.swift in Sources */,
				140AF85A2995076000E0B18D /* UserInformation.swift in Sources */,
				140AF8572994ED9600E0B18D /* AddInfoViewController.swift in Sources */,
				142436F82994AC900086A8EC /* SignUpBasicInfoViewController.swift in Sources */,
				142436E42994A3760086A8EC /* AppDelegate.swift in Sources */,
				142436E62994A3760086A8EC /* SceneDelegate.swift in Sources */,
			);
			runOnlyForDeploymentPostprocessing = 0;
		};
/* End PBXSourcesBuildPhase section */

/* Begin PBXVariantGroup section */
		142436E92994A3760086A8EC /* Main.storyboard */ = {
			isa = PBXVariantGroup;
			children = (
				142436EA2994A3760086A8EC /* Base */,
			);
			name = Main.storyboard;
			sourceTree = "<group>";
		};
		142436EE2994A3770086A8EC /* LaunchScreen.storyboard */ = {
			isa = PBXVariantGroup;
			children = (
				142436EF2994A3770086A8EC /* Base */,
			);
			name = LaunchScreen.storyboard;
			sourceTree = "<group>";
		};
/* End PBXVariantGroup section */

/* Begin XCBuildConfiguration section */
		142436F22994A3770086A8EC /* Debug */ = {
			isa = XCBuildConfiguration;
			buildSettings = {
				ALWAYS_SEARCH_USER_PATHS = NO;
				CLANG_ANALYZER_NONNULL = YES;
				CLANG_ANALYZER_NUMBER_OBJECT_CONVERSION = YES_AGGRESSIVE;
				CLANG_CXX_LANGUAGE_STANDARD = "gnu++20";
				CLANG_ENABLE_MODULES = YES;
				CLANG_ENABLE_OBJC_ARC = YES;
				CLANG_ENABLE_OBJC_WEAK = YES;
				CLANG_WARN_BLOCK_CAPTURE_AUTORELEASING = YES;
				CLANG_WARN_BOOL_CONVERSION = YES;
				CLANG_WARN_COMMA = YES;
				CLANG_WARN_CONSTANT_CONVERSION = YES;
				CLANG_WARN_DEPRECATED_OBJC_IMPLEMENTATIONS = YES;
				CLANG_WARN_DIRECT_OBJC_ISA_USAGE = YES_ERROR;
				CLANG_WARN_DOCUMENTATION_COMMENTS = YES;
				CLANG_WARN_EMPTY_BODY = YES;
				CLANG_WARN_ENUM_CONVERSION = YES;
				CLANG_WARN_INFINITE_RECURSION = YES;
				CLANG_WARN_INT_CONVERSION = YES;
				CLANG_WARN_NON_LITERAL_NULL_CONVERSION = YES;
				CLANG_WARN_OBJC_IMPLICIT_RETAIN_SELF = YES;
				CLANG_WARN_OBJC_LITERAL_CONVERSION = YES;
				CLANG_WARN_OBJC_ROOT_CLASS = YES_ERROR;
				CLANG_WARN_QUOTED_INCLUDE_IN_FRAMEWORK_HEADER = YES;
				CLANG_WARN_RANGE_LOOP_ANALYSIS = YES;
				CLANG_WARN_STRICT_PROTOTYPES = YES;
				CLANG_WARN_SUSPICIOUS_MOVE = YES;
				CLANG_WARN_UNGUARDED_AVAILABILITY = YES_AGGRESSIVE;
				CLANG_WARN_UNREACHABLE_CODE = YES;
				CLANG_WARN__DUPLICATE_METHOD_MATCH = YES;
				COPY_PHASE_STRIP = NO;
				DEBUG_INFORMATION_FORMAT = dwarf;
				ENABLE_STRICT_OBJC_MSGSEND = YES;
				ENABLE_TESTABILITY = YES;
				GCC_C_LANGUAGE_STANDARD = gnu11;
				GCC_DYNAMIC_NO_PIC = NO;
				GCC_NO_COMMON_BLOCKS = YES;
				GCC_OPTIMIZATION_LEVEL = 0;
				GCC_PREPROCESSOR_DEFINITIONS = (
					"DEBUG=1",
					"$(inherited)",
				);
				GCC_WARN_64_TO_32_BIT_CONVERSION = YES;
				GCC_WARN_ABOUT_RETURN_TYPE = YES_ERROR;
				GCC_WARN_UNDECLARED_SELECTOR = YES;
				GCC_WARN_UNINITIALIZED_AUTOS = YES_AGGRESSIVE;
				GCC_WARN_UNUSED_FUNCTION = YES;
				GCC_WARN_UNUSED_VARIABLE = YES;
				IPHONEOS_DEPLOYMENT_TARGET = 16.1;
				MTL_ENABLE_DEBUG_INFO = INCLUDE_SOURCE;
				MTL_FAST_MATH = YES;
				ONLY_ACTIVE_ARCH = YES;
				SDKROOT = iphoneos;
				SWIFT_ACTIVE_COMPILATION_CONDITIONS = DEBUG;
				SWIFT_OPTIMIZATION_LEVEL = "-Onone";
			};
			name = Debug;
		};
		142436F32994A3770086A8EC /* Release */ = {
			isa = XCBuildConfiguration;
			buildSettings = {
				ALWAYS_SEARCH_USER_PATHS = NO;
				CLANG_ANALYZER_NONNULL = YES;
				CLANG_ANALYZER_NUMBER_OBJECT_CONVERSION = YES_AGGRESSIVE;
				CLANG_CXX_LANGUAGE_STANDARD = "gnu++20";
				CLANG_ENABLE_MODULES = YES;
				CLANG_ENABLE_OBJC_ARC = YES;
				CLANG_ENABLE_OBJC_WEAK = YES;
				CLANG_WARN_BLOCK_CAPTURE_AUTORELEASING = YES;
				CLANG_WARN_BOOL_CONVERSION = YES;
				CLANG_WARN_COMMA = YES;
				CLANG_WARN_CONSTANT_CONVERSION = YES;
				CLANG_WARN_DEPRECATED_OBJC_IMPLEMENTATIONS = YES;
				CLANG_WARN_DIRECT_OBJC_ISA_USAGE = YES_ERROR;
				CLANG_WARN_DOCUMENTATION_COMMENTS = YES;
				CLANG_WARN_EMPTY_BODY = YES;
				CLANG_WARN_ENUM_CONVERSION = YES;
				CLANG_WARN_INFINITE_RECURSION = YES;
				CLANG_WARN_INT_CONVERSION = YES;
				CLANG_WARN_NON_LITERAL_NULL_CONVERSION = YES;
				CLANG_WARN_OBJC_IMPLICIT_RETAIN_SELF = YES;
				CLANG_WARN_OBJC_LITERAL_CONVERSION = YES;
				CLANG_WARN_OBJC_ROOT_CLASS = YES_ERROR;
				CLANG_WARN_QUOTED_INCLUDE_IN_FRAMEWORK_HEADER = YES;
				CLANG_WARN_RANGE_LOOP_ANALYSIS = YES;
				CLANG_WARN_STRICT_PROTOTYPES = YES;
				CLANG_WARN_SUSPICIOUS_MOVE = YES;
				CLANG_WARN_UNGUARDED_AVAILABILITY = YES_AGGRESSIVE;
				CLANG_WARN_UNREACHABLE_CODE = YES;
				CLANG_WARN__DUPLICATE_METHOD_MATCH = YES;
				COPY_PHASE_STRIP = NO;
				DEBUG_INFORMATION_FORMAT = "dwarf-with-dsym";
				ENABLE_NS_ASSERTIONS = NO;
				ENABLE_STRICT_OBJC_MSGSEND = YES;
				GCC_C_LANGUAGE_STANDARD = gnu11;
				GCC_NO_COMMON_BLOCKS = YES;
				GCC_WARN_64_TO_32_BIT_CONVERSION = YES;
				GCC_WARN_ABOUT_RETURN_TYPE = YES_ERROR;
				GCC_WARN_UNDECLARED_SELECTOR = YES;
				GCC_WARN_UNINITIALIZED_AUTOS = YES_AGGRESSIVE;
				GCC_WARN_UNUSED_FUNCTION = YES;
				GCC_WARN_UNUSED_VARIABLE = YES;
				IPHONEOS_DEPLOYMENT_TARGET = 16.1;
				MTL_ENABLE_DEBUG_INFO = NO;
				MTL_FAST_MATH = YES;
				SDKROOT = iphoneos;
				SWIFT_COMPILATION_MODE = wholemodule;
				SWIFT_OPTIMIZATION_LEVEL = "-O";
				VALIDATE_PRODUCT = YES;
			};
			name = Release;
		};
		142436F52994A3770086A8EC /* Debug */ = {
			isa = XCBuildConfiguration;
			buildSettings = {
				ASSETCATALOG_COMPILER_APPICON_NAME = AppIcon;
				ASSETCATALOG_COMPILER_GLOBAL_ACCENT_COLOR_NAME = AccentColor;
				CODE_SIGN_STYLE = Automatic;
				CURRENT_PROJECT_VERSION = 1;
				DEVELOPMENT_TEAM = DD66GTY4AT;
				GENERATE_INFOPLIST_FILE = YES;
				INFOPLIST_FILE = iOS_ProjectB_20230209/Info.plist;
				INFOPLIST_KEY_NSPhotoLibraryUsageDescription = "사진을 가져와야 합니다. 그 이유는 회원가입에 필요한 이미지를 설정하기 위해서 입니다.";
				INFOPLIST_KEY_UIApplicationSupportsIndirectInputEvents = YES;
				INFOPLIST_KEY_UILaunchStoryboardName = LaunchScreen;
				INFOPLIST_KEY_UIMainStoryboardFile = Main;
				INFOPLIST_KEY_UISupportedInterfaceOrientations_iPad = "UIInterfaceOrientationPortrait UIInterfaceOrientationPortraitUpsideDown UIInterfaceOrientationLandscapeLeft UIInterfaceOrientationLandscapeRight";
				INFOPLIST_KEY_UISupportedInterfaceOrientations_iPhone = "UIInterfaceOrientationPortrait UIInterfaceOrientationLandscapeLeft UIInterfaceOrientationLandscapeRight";
				LD_RUNPATH_SEARCH_PATHS = (
					"$(inherited)",
					"@executable_path/Frameworks",
				);
				MARKETING_VERSION = 1.0;
				PRODUCT_BUNDLE_IDENTIFIER = "RaeHoon.iOS-ProjectB-20230209";
				PRODUCT_NAME = "$(TARGET_NAME)";
				SWIFT_EMIT_LOC_STRINGS = YES;
				SWIFT_VERSION = 5.0;
				TARGETED_DEVICE_FAMILY = "1,2";
			};
			name = Debug;
		};
		142436F62994A3770086A8EC /* Release */ = {
			isa = XCBuildConfiguration;
			buildSettings = {
				ASSETCATALOG_COMPILER_APPICON_NAME = AppIcon;
				ASSETCATALOG_COMPILER_GLOBAL_ACCENT_COLOR_NAME = AccentColor;
				CODE_SIGN_STYLE = Automatic;
				CURRENT_PROJECT_VERSION = 1;
				DEVELOPMENT_TEAM = DD66GTY4AT;
				GENERATE_INFOPLIST_FILE = YES;
				INFOPLIST_FILE = iOS_ProjectB_20230209/Info.plist;
				INFOPLIST_KEY_NSPhotoLibraryUsageDescription = "사진을 가져와야 합니다. 그 이유는 회원가입에 필요한 이미지를 설정하기 위해서 입니다.";
				INFOPLIST_KEY_UIApplicationSupportsIndirectInputEvents = YES;
				INFOPLIST_KEY_UILaunchStoryboardName = LaunchScreen;
				INFOPLIST_KEY_UIMainStoryboardFile = Main;
				INFOPLIST_KEY_UISupportedInterfaceOrientations_iPad = "UIInterfaceOrientationPortrait UIInterfaceOrientationPortraitUpsideDown UIInterfaceOrientationLandscapeLeft UIInterfaceOrientationLandscapeRight";
				INFOPLIST_KEY_UISupportedInterfaceOrientations_iPhone = "UIInterfaceOrientationPortrait UIInterfaceOrientationLandscapeLeft UIInterfaceOrientationLandscapeRight";
				LD_RUNPATH_SEARCH_PATHS = (
					"$(inherited)",
					"@executable_path/Frameworks",
				);
				MARKETING_VERSION = 1.0;
				PRODUCT_BUNDLE_IDENTIFIER = "RaeHoon.iOS-ProjectB-20230209";
				PRODUCT_NAME = "$(TARGET_NAME)";
				SWIFT_EMIT_LOC_STRINGS = YES;
				SWIFT_VERSION = 5.0;
				TARGETED_DEVICE_FAMILY = "1,2";
			};
			name = Release;
		};
/* End XCBuildConfiguration section */

/* Begin XCConfigurationList section */
		142436DB2994A3760086A8EC /* Build configuration list for PBXProject "iOS_ProjectB_20230209" */ = {
			isa = XCConfigurationList;
			buildConfigurations = (
				142436F22994A3770086A8EC /* Debug */,
				142436F32994A3770086A8EC /* Release */,
			);
			defaultConfigurationIsVisible = 0;
			defaultConfigurationName = Release;
		};
		142436F42994A3770086A8EC /* Build configuration list for PBXNativeTarget "iOS_ProjectB_20230209" */ = {
			isa = XCConfigurationList;
			buildConfigurations = (
				142436F52994A3770086A8EC /* Debug */,
				142436F62994A3770086A8EC /* Release */,
			);
			defaultConfigurationIsVisible = 0;
			defaultConfigurationName = Release;
		};
/* End XCConfigurationList section */
	};
	rootObject = 142436D82994A3760086A8EC /* Project object */;
}
